
Microsoft Visual Studio Solution File, Format Version 12.00
# Visual Studio 15
Project("{FAE04EC0-301F-11D3-BF4B-00C04F79EFBC}") = "CryptoFile", "CryptoFile\CryptoFile.csproj", "{00B9D1B9-2339-4F60-930C-5B03F422C5D1}"
EndProject
Global
	GlobalSection(SolutionConfigurationPlatforms) = preSolution
		Debug|anycpu = Debug|anycpu
		Release|anycpu = Release|anycpu
	EndGlobalSection
	GlobalSection(ProjectConfigurationPlatforms) = postSolution
		{00B9D1B9-2339-4F60-930C-5B03F422C5D1}.Debug|anycpu.ActiveCfg = Debug|anycpu
		{00B9D1B9-2339-4F60-930C-5B03F422C5D1}.Debug|anycpu.Build.0 = Debug|anycpu
		{00B9D1B9-2339-4F60-930C-5B03F422C5D1}.Release|anycpu.ActiveCfg = Release|anycpu
		{00B9D1B9-2339-4F60-930C-5B03F422C5D1}.Release|anycpu.Build.0 = Release|anycpu
	EndGlobalSection
EndGlobal
